
Microsoft Visual Studio Solution File, Format Version 12.00
# Visual Studio 15
VisualStudioVersion = 15.0.28307.572
MinimumVisualStudioVersion = 10.0.40219.1
Project("{FAE04EC0-301F-11D3-BF4B-00C04F79EFBC}") = "MutiTreadTest", "MutiTreadTest\MutiTreadTest.csproj", "{0A920A05-9E77-4AD0-B4D3-15B75C1D0D6C}"
EndProject
Global
	GlobalSection(SolutionConfigurationPlatforms) = preSolution
		Debug|Any CPU = Debug|Any CPU
		Release|Any CPU = Release|Any CPU
	EndGlobalSection
	GlobalSection(ProjectConfigurationPlatforms) = postSolution
		{0A920A05-9E77-4AD0-B4D3-15B75C1D0D6C}.Debug|Any CPU.ActiveCfg = Debug|Any CPU
		{0A920A05-9E77-4AD0-B4D3-15B75C1D0D6C}.Debug|Any CPU.Build.0 = Debug|Any CPU
		{0A920A05-9E77-4AD0-B4D3-15B75C1D0D6C}.Release|Any CPU.ActiveCfg = Release|Any CPU
		{0A920A05-9E77-4AD0-B4D3-15B75C1D0D6C}.Release|Any CPU.Build.0 = Release|Any CPU
	EndGlobalSection
	GlobalSection(SolutionProperties) = preSolution
		HideSolutionNode = FALSE
	EndGlobalSection
	GlobalSection(ExtensibilityGlobals) = postSolution
		SolutionGuid = {55589AB9-410B-4A65-A6F4-69D2C2C4905F}
	EndGlobalSection
EndGlobal
